PODS:
  - Nimble (8.0.4)
  - Quick (2.2.0)
  - RSDKUtils (1.0.0)

DEPENDENCIES:
  - Nimble
  - Quick
  - RSDKUtils (from `./RSDKUtils.podspec`)

SPEC REPOS:
  https://github.com/cocoapods/specs.git:
    - Nimble
    - Quick

EXTERNAL SOURCES:
  RSDKUtils:
    :path: "./RSDKUtils.podspec"

SPEC CHECKSUMS:
  Nimble: 18d5360282923225d62b09d781f63abc1a0111fc
  Quick: 7fb19e13be07b5dfb3b90d4f9824c855a11af40e
  RSDKUtils: ed1d2488439d4026f21a23b1b8a53d26f6c70f85

PODFILE CHECKSUM: 28af16319bea95387b37864f519180b247d1d5fb

COCOAPODS: 1.7.5
