PODS:
  - Nimble (9.2.1)
  - Quick (4.0.0)
  - RSDKUtils (2.0.0):
    - RSDKUtils/Main (= 2.0.0)
  - RSDKUtils/Main (2.0.0):
    - RSDKUtils/RLogger
  - RSDKUtils/Nimble (2.0.0):
    - Nimble
    - RSDKUtils/Main
  - RSDKUtils/RLogger (2.0.0)
  - RSDKUtils/TestHelpers (2.0.0):
    - RSDKUtils/Main
  - SwiftLint (0.44.0)

DEPENDENCIES:
  - Nimble
  - Quick
  - RSDKUtils (from `./RSDKUtils.podspec`)
  - RSDKUtils/Nimble (from `./RSDKUtils.podspec`)
  - RSDKUtils/RLogger (from `./RSDKUtils.podspec`)
  - RSDKUtils/TestHelpers (from `./RSDKUtils.podspec`)
  - SwiftLint

SPEC REPOS:
  trunk:
    - Nimble
    - Quick
    - SwiftLint

EXTERNAL SOURCES:
  RSDKUtils:
    :path: "./RSDKUtils.podspec"

SPEC CHECKSUMS:
  Nimble: e7e615c0335ee4bf5b0d786685451e62746117d5
  Quick: 6473349e43b9271a8d43839d9ba1c442ed1b7ac4
  RSDKUtils: 0b3f04097bffc8c95912e62aa5e009f26b03a4fb
  SwiftLint: e96c0a8c770c7ebbc4d36c55baf9096bb65c4584

PODFILE CHECKSUM: a764aa703c4858c50bdac374e7ffb09622de0025

COCOAPODS: 1.11.2
