PODS:
  - Nimble (9.2.1)
  - Quick (5.0.1)
  - RSDKUtils (4.0.0):
    - RSDKUtils/Main (= 4.0.0)
  - RSDKUtils/Main (4.0.0):
    - RSDKUtils/RLogger
  - RSDKUtils/Nimble (4.0.0):
    - Nimble
    - RSDKUtils/Main
  - RSDKUtils/RLogger (4.0.0)
  - RSDKUtils/TestHelpers (4.0.0):
    - RSDKUtils/Main
  - SwiftLint (0.48.0)

DEPENDENCIES:
  - Nimble
  - Quick (~> 5.0)
  - RSDKUtils (from `./RSDKUtils.podspec`)
  - RSDKUtils/Nimble (from `./RSDKUtils.podspec`)
  - RSDKUtils/RLogger (from `./RSDKUtils.podspec`)
  - RSDKUtils/TestHelpers (from `./RSDKUtils.podspec`)
  - SwiftLint

SPEC REPOS:
  trunk:
    - Nimble
    - Quick
    - SwiftLint

EXTERNAL SOURCES:
  RSDKUtils:
    :path: "./RSDKUtils.podspec"

SPEC CHECKSUMS:
  Nimble: e7e615c0335ee4bf5b0d786685451e62746117d5
  Quick: 749aa754fd1e7d984f2000fe051e18a3a9809179
  RSDKUtils: e2a63eb729298706abe02e735436a2586c65e164
  SwiftLint: 284cea64b6187c5d6bd83e9a548a64104d546447

PODFILE CHECKSUM: 4ed9773263044cef845ee896ef054d609b9a1edc

COCOAPODS: 1.11.3
