// !$*UTF8*$!
{
	archiveVersion = 1;
	classes = {
	};
	objectVersion = 48;
	objects = {

/* Begin PBXBuildFile section */
		1E93FC4B5B8B4C60430398BC /* Foundation.framework in Frameworks */ = {isa = PBXBuildFile; fileRef = 3A04641D3B60ED0F410B68EB /* Foundation.framework */; };
		2F17427BF74A50B45FA22CC1 /* UIKit.framework in Frameworks */ = {isa = PBXBuildFile; fileRef = 8783C5860B44767F3B2D0547 /* UIKit.framework */; };
		452FA0F326EE974400936528 /* RLoggerSpec.swift in Sources */ = {isa = PBXBuildFile; fileRef = 452FA0F226EE974400936528 /* RLoggerSpec.swift */; };
		4597CFAD26E6951200781E4F /* AtomicWrapperSpec.swift in Sources */ = {isa = PBXBuildFile; fileRef = 4597CFAC26E6951200781E4F /* AtomicWrapperSpec.swift */; };
		4597CFAF26E6952400781E4F /* LockableSpec.swift in Sources */ = {isa = PBXBuildFile; fileRef = 4597CFAE26E6952400781E4F /* LockableSpec.swift */; };
		4597CFB126E69D4400781E4F /* TypedDependencyManagerSpec.swift in Sources */ = {isa = PBXBuildFile; fileRef = 4597CFB026E69D4400781E4F /* TypedDependencyManagerSpec.swift */; };
		4597CFB326E69D7400781E4F /* AnyDependenciesContainerSpec.swift in Sources */ = {isa = PBXBuildFile; fileRef = 4597CFB226E69D7400781E4F /* AnyDependenciesContainerSpec.swift */; };
		4597CFB526E6A6E300781E4F /* SwiftyDependenciesContainerSpec.swift in Sources */ = {isa = PBXBuildFile; fileRef = 4597CFB426E6A6E300781E4F /* SwiftyDependenciesContainerSpec.swift */; };
		6DACF499237CF05E00EEFE12 /* TestHelpers.swift in Sources */ = {isa = PBXBuildFile; fileRef = 6DACF498237CF05E00EEFE12 /* TestHelpers.swift */; };
		D06A23E924D3FF2800E84EE2 /* KeyStoreTests.swift in Sources */ = {isa = PBXBuildFile; fileRef = D06A23E824D3FF2800E84EE2 /* KeyStoreTests.swift */; };
		D06A23F124D4007300E84EE2 /* AppDelegate.swift in Sources */ = {isa = PBXBuildFile; fileRef = D06A23F024D4007300E84EE2 /* AppDelegate.swift */; };
		EA14FDB556C9812880440D96 /* EnvironmentInformationTests.swift in Sources */ = {isa = PBXBuildFile; fileRef = 529DB22D78CBF2B97EF675FE /* EnvironmentInformationTests.swift */; };
/* End PBXBuildFile section */

/* Begin PBXContainerItemProxy section */
		D06A241E24D4007A00E84EE2 /* PBXContainerItemProxy */ = {
			isa = PBXContainerItemProxy;
			containerPortal = DCB53373A11C0A9F029631BA /* Project object */;
			proxyType = 1;
			remoteGlobalIDString = D06A23ED24D4007300E84EE2;
			remoteInfo = TestHostRC;
		};
/* End PBXContainerItemProxy section */

/* Begin PBXFileReference section */
		3A04641D3B60ED0F410B68EB /* Foundation.framework */ = {isa = PBXFileReference; lastKnownFileType = wrapper.framework; name = Foundation.framework; path = Platforms/iPhoneOS.platform/Developer/SDKs/iPhoneOS12.2.sdk/System/Library/Frameworks/Foundation.framework; sourceTree = DEVELOPER_DIR; };
		452FA0F226EE974400936528 /* RLoggerSpec.swift */ = {isa = PBXFileReference; fileEncoding = 4; lastKnownFileType = sourcecode.swift; path = RLoggerSpec.swift; sourceTree = "<group>"; };
		4597CFAC26E6951200781E4F /* AtomicWrapperSpec.swift */ = {isa = PBXFileReference; fileEncoding = 4; lastKnownFileType = sourcecode.swift; path = AtomicWrapperSpec.swift; sourceTree = "<group>"; };
		4597CFAE26E6952400781E4F /* LockableSpec.swift */ = {isa = PBXFileReference; fileEncoding = 4; lastKnownFileType = sourcecode.swift; path = LockableSpec.swift; sourceTree = "<group>"; };
		4597CFB026E69D4400781E4F /* TypedDependencyManagerSpec.swift */ = {isa = PBXFileReference; fileEncoding = 4; lastKnownFileType = sourcecode.swift; path = TypedDependencyManagerSpec.swift; sourceTree = "<group>"; };
		4597CFB226E69D7400781E4F /* AnyDependenciesContainerSpec.swift */ = {isa = PBXFileReference; fileEncoding = 4; lastKnownFileType = sourcecode.swift; path = AnyDependenciesContainerSpec.swift; sourceTree = "<group>"; };
		4597CFB426E6A6E300781E4F /* SwiftyDependenciesContainerSpec.swift */ = {isa = PBXFileReference; fileEncoding = 4; lastKnownFileType = sourcecode.swift; path = SwiftyDependenciesContainerSpec.swift; sourceTree = "<group>"; };
		45EA75A825C76660001B2049 /*  */ = {isa = PBXFileReference; lastKnownFileType = folder; name = ""; sourceTree = "<group>"; };
		529DB22D78CBF2B97EF675FE /* EnvironmentInformationTests.swift */ = {isa = PBXFileReference; includeInIndex = 1; lastKnownFileType = sourcecode.swift; path = EnvironmentInformationTests.swift; sourceTree = "<group>"; };
		6DACF498237CF05E00EEFE12 /* TestHelpers.swift */ = {isa = PBXFileReference; lastKnownFileType = sourcecode.swift; path = TestHelpers.swift; sourceTree = "<group>"; };
		83F9CA8C997CE27EA8BD1BD4 /* Tests.xctest */ = {isa = PBXFileReference; explicitFileType = wrapper.cfbundle; includeInIndex = 0; path = Tests.xctest; sourceTree = BUILT_PRODUCTS_DIR; };
		8783C5860B44767F3B2D0547 /* UIKit.framework */ = {isa = PBXFileReference; lastKnownFileType = wrapper.framework; name = UIKit.framework; path = Platforms/iPhoneOS.platform/Developer/SDKs/iPhoneOS12.2.sdk/System/Library/Frameworks/UIKit.framework; sourceTree = DEVELOPER_DIR; };
		D06A23E824D3FF2800E84EE2 /* KeyStoreTests.swift */ = {isa = PBXFileReference; lastKnownFileType = sourcecode.swift; path = KeyStoreTests.swift; sourceTree = "<group>"; };
		D06A23EE24D4007300E84EE2 /* TestHost.app */ = {isa = PBXFileReference; explicitFileType = wrapper.application; includeInIndex = 0; path = TestHost.app; sourceTree = BUILT_PRODUCTS_DIR; };
		D06A23F024D4007300E84EE2 /* AppDelegate.swift */ = {isa = PBXFileReference; lastKnownFileType = sourcecode.swift; path = AppDelegate.swift; sourceTree = "<group>"; };
		D06A23FE24D4007400E84EE2 /* Info.plist */ = {isa = PBXFileReference; lastKnownFileType = text.plist.xml; path = Info.plist; sourceTree = "<group>"; };
/* End PBXFileReference section */

/* Begin PBXFrameworksBuildPhase section */
		D06A23EB24D4007300E84EE2 /* Frameworks */ = {
			isa = PBXFrameworksBuildPhase;
			buildActionMask = 2147483647;
			files = (
			);
			runOnlyForDeploymentPostprocessing = 0;
		};
		FF27AB457613698394ECB90F /* Frameworks */ = {
			isa = PBXFrameworksBuildPhase;
			buildActionMask = 2147483647;
			files = (
				1E93FC4B5B8B4C60430398BC /* Foundation.framework in Frameworks */,
				2F17427BF74A50B45FA22CC1 /* UIKit.framework in Frameworks */,
			);
			runOnlyForDeploymentPostprocessing = 0;
		};
/* End PBXFrameworksBuildPhase section */

/* Begin PBXGroup section */
		3849CB073CF3D12D52A06C86 /* Pods */ = {
			isa = PBXGroup;
			children = (
			);
			path = Pods;
			sourceTree = "<group>";
		};
		45EA75A725C7624F001B2049 /* Tests */ = {
			isa = PBXGroup;
			children = (
				529DB22D78CBF2B97EF675FE /* EnvironmentInformationTests.swift */,
				6DACF498237CF05E00EEFE12 /* TestHelpers.swift */,
				D06A23E824D3FF2800E84EE2 /* KeyStoreTests.swift */,
				4597CFB226E69D7400781E4F /* AnyDependenciesContainerSpec.swift */,
				4597CFAE26E6952400781E4F /* LockableSpec.swift */,
				4597CFAC26E6951200781E4F /* AtomicWrapperSpec.swift */,
				4597CFB026E69D4400781E4F /* TypedDependencyManagerSpec.swift */,
				4597CFB426E6A6E300781E4F /* SwiftyDependenciesContainerSpec.swift */,
				452FA0F226EE974400936528 /* RLoggerSpec.swift */,
			);
			path = Tests;
			sourceTree = "<group>";
		};
		725C32805DD3F9A3B31E3A5E /* Products */ = {
			isa = PBXGroup;
			children = (
				83F9CA8C997CE27EA8BD1BD4 /* Tests.xctest */,
				D06A23EE24D4007300E84EE2 /* TestHost.app */,
			);
			name = Products;
			sourceTree = "<group>";
		};
		98FA83B632A50855FCFEA53F /* iOS */ = {
			isa = PBXGroup;
			children = (
				3A04641D3B60ED0F410B68EB /* Foundation.framework */,
				8783C5860B44767F3B2D0547 /* UIKit.framework */,
			);
			name = iOS;
			sourceTree = "<group>";
		};
		A9DCA0F399BA173C3556B928 = {
			isa = PBXGroup;
			children = (
				45EA75A825C76660001B2049 /*  */,
				725C32805DD3F9A3B31E3A5E /* Products */,
				C07BF9ACDD1012D4C6AA1A6B /* Tests */,
				D960578CECB179F85D9E2CCD /* Frameworks */,
				3849CB073CF3D12D52A06C86 /* Pods */,
			);
			sourceTree = "<group>";
		};
		C07BF9ACDD1012D4C6AA1A6B /* Tests */ = {
			isa = PBXGroup;
			children = (
				45EA75A725C7624F001B2049 /* Tests */,
				D06A23EF24D4007300E84EE2 /* TestHost */,
			);
			path = Tests;
			sourceTree = "<group>";
		};
		D06A23EF24D4007300E84EE2 /* TestHost */ = {
			isa = PBXGroup;
			children = (
				D06A23F024D4007300E84EE2 /* AppDelegate.swift */,
				D06A23FE24D4007400E84EE2 /* Info.plist */,
			);
			path = TestHost;
			sourceTree = "<group>";
		};
		D960578CECB179F85D9E2CCD /* Frameworks */ = {
			isa = PBXGroup;
			children = (
				98FA83B632A50855FCFEA53F /* iOS */,
			);
			name = Frameworks;
			sourceTree = "<group>";
		};
/* End PBXGroup section */

/* Begin PBXNativeTarget section */
		D06A23ED24D4007300E84EE2 /* TestHost */ = {
			isa = PBXNativeTarget;
			buildConfigurationList = D06A241524D4007400E84EE2 /* Build configuration list for PBXNativeTarget "TestHost" */;
			buildPhases = (
				D06A23EA24D4007300E84EE2 /* Sources */,
				D06A23EB24D4007300E84EE2 /* Frameworks */,
				D06A23EC24D4007300E84EE2 /* Resources */,
			);
			buildRules = (
			);
			dependencies = (
			);
			name = TestHost;
			productName = TestHostRC;
			productReference = D06A23EE24D4007300E84EE2 /* TestHost.app */;
			productType = "com.apple.product-type.application";
		};
		F794E3B184EAA9B9BE729624 /* Tests */ = {
			isa = PBXNativeTarget;
			buildConfigurationList = 05B9B33B24BD31BBAFC089C9 /* Build configuration list for PBXNativeTarget "Tests" */;
			buildPhases = (
				B09380BE831F3844C3B94BE8 /* Sources */,
				FF27AB457613698394ECB90F /* Frameworks */,
			);
			buildRules = (
			);
			dependencies = (
				D06A241F24D4007A00E84EE2 /* PBXTargetDependency */,
			);
			name = Tests;
			productName = Tests;
			productReference = 83F9CA8C997CE27EA8BD1BD4 /* Tests.xctest */;
			productType = "com.apple.product-type.bundle.unit-test";
		};
/* End PBXNativeTarget section */

/* Begin PBXProject section */
		DCB53373A11C0A9F029631BA /* Project object */ = {
			isa = PBXProject;
			attributes = {
				LastSwiftUpdateCheck = 1150;
				LastUpgradeCheck = 1100;
				ORGANIZATIONNAME = "Rakuten, Inc.";
				TargetAttributes = {
					D06A23ED24D4007300E84EE2 = {
						CreatedOnToolsVersion = 11.5;
						ProvisioningStyle = Automatic;
					};
					F794E3B184EAA9B9BE729624 = {
						TestTargetID = D06A23ED24D4007300E84EE2;
					};
				};
			};
			buildConfigurationList = 3CA29095B838D76BDBC87FB4 /* Build configuration list for PBXProject "RSDKUtils" */;
			compatibilityVersion = "Xcode 8.0";
			developmentRegion = en;
			hasScannedForEncodings = 0;
			knownRegions = (
				en,
				Base,
			);
			mainGroup = A9DCA0F399BA173C3556B928;
			productRefGroup = 725C32805DD3F9A3B31E3A5E /* Products */;
			projectDirPath = "";
			projectRoot = "";
			targets = (
				F794E3B184EAA9B9BE729624 /* Tests */,
				D06A23ED24D4007300E84EE2 /* TestHost */,
			);
		};
/* End PBXProject section */

/* Begin PBXResourcesBuildPhase section */
		D06A23EC24D4007300E84EE2 /* Resources */ = {
			isa = PBXResourcesBuildPhase;
			buildActionMask = 2147483647;
			files = (
			);
			runOnlyForDeploymentPostprocessing = 0;
		};
/* End PBXResourcesBuildPhase section */

/* Begin PBXSourcesBuildPhase section */
		B09380BE831F3844C3B94BE8 /* Sources */ = {
			isa = PBXSourcesBuildPhase;
			buildActionMask = 2147483647;
			files = (
				D06A23E924D3FF2800E84EE2 /* KeyStoreTests.swift in Sources */,
				452FA0F326EE974400936528 /* RLoggerSpec.swift in Sources */,
				EA14FDB556C9812880440D96 /* EnvironmentInformationTests.swift in Sources */,
				4597CFB326E69D7400781E4F /* AnyDependenciesContainerSpec.swift in Sources */,
				4597CFAF26E6952400781E4F /* LockableSpec.swift in Sources */,
				4597CFB126E69D4400781E4F /* TypedDependencyManagerSpec.swift in Sources */,
				4597CFAD26E6951200781E4F /* AtomicWrapperSpec.swift in Sources */,
				6DACF499237CF05E00EEFE12 /* TestHelpers.swift in Sources */,
				4597CFB526E6A6E300781E4F /* SwiftyDependenciesContainerSpec.swift in Sources */,
			);
			runOnlyForDeploymentPostprocessing = 0;
		};
		D06A23EA24D4007300E84EE2 /* Sources */ = {
			isa = PBXSourcesBuildPhase;
			buildActionMask = 2147483647;
			files = (
				D06A23F124D4007300E84EE2 /* AppDelegate.swift in Sources */,
			);
			runOnlyForDeploymentPostprocessing = 0;
		};
/* End PBXSourcesBuildPhase section */

/* Begin PBXTargetDependency section */
		D06A241F24D4007A00E84EE2 /* PBXTargetDependency */ = {
			isa = PBXTargetDependency;
			target = D06A23ED24D4007300E84EE2 /* TestHost */;
			targetProxy = D06A241E24D4007A00E84EE2 /* PBXContainerItemProxy */;
		};
/* End PBXTargetDependency section */

/* Begin XCBuildConfiguration section */
		0158E70DC80507FB704816C3 /* Release */ = {
			isa = XCBuildConfiguration;
			buildSettings = {
				BUNDLE_LOADER = "$(TEST_HOST)";
				CODE_SIGN_IDENTITY = "iPhone Developer";
				INFOPLIST_FILE = "Tests/Tests-Info.plist";
				LD_RUNPATH_SEARCH_PATHS = "$(inherited) @executable_path/Frameworks @loader_path/Frameworks";
				SDKROOT = iphoneos;
				TEST_HOST = "$(BUILT_PRODUCTS_DIR)/TestHost.app/TestHost";
				VALIDATE_PRODUCT = YES;
			};
			name = Release;
		};
		13DF0902FAB980E944AD4F45 /* Debug */ = {
			isa = XCBuildConfiguration;
			buildSettings = {
				BUNDLE_LOADER = "$(TEST_HOST)";
				CODE_SIGN_IDENTITY = "iPhone Developer";
				INFOPLIST_FILE = "Tests/Tests-Info.plist";
				LD_RUNPATH_SEARCH_PATHS = "$(inherited) @executable_path/Frameworks @loader_path/Frameworks";
				SDKROOT = iphoneos;
				SWIFT_OPTIMIZATION_LEVEL = "-Onone";
				TEST_HOST = "$(BUILT_PRODUCTS_DIR)/TestHost.app/TestHost";
			};
			name = Debug;
		};
		2B69320928E4D8EBCCCF9E96 /* Release */ = {
			isa = XCBuildConfiguration;
			buildSettings = {
				ALWAYS_EMBED_SWIFT_STANDARD_LIBRARIES = YES;
				ALWAYS_SEARCH_USER_PATHS = NO;
				CLANG_ANALYZER_NONNULL = YES;
				CLANG_ANALYZER_NUMBER_OBJECT_CONVERSION = YES_AGGRESSIVE;
				CLANG_CXX_LANGUAGE_STANDARD = "gnu++14";
				CLANG_CXX_LIBRARY = "libc++";
				CLANG_ENABLE_MODULES = YES;
				CLANG_ENABLE_OBJC_ARC = YES;
				CLANG_ENABLE_OBJC_WEAK = YES;
				CLANG_WARN_BLOCK_CAPTURE_AUTORELEASING = YES;
				CLANG_WARN_BOOL_CONVERSION = YES;
				CLANG_WARN_COMMA = YES;
				CLANG_WARN_CONSTANT_CONVERSION = YES;
				CLANG_WARN_DEPRECATED_OBJC_IMPLEMENTATIONS = YES;
				CLANG_WARN_DIRECT_OBJC_ISA_USAGE = YES_ERROR;
				CLANG_WARN_DOCUMENTATION_COMMENTS = YES;
				CLANG_WARN_EMPTY_BODY = YES;
				CLANG_WARN_ENUM_CONVERSION = YES;
				CLANG_WARN_INFINITE_RECURSION = YES;
				CLANG_WARN_INT_CONVERSION = YES;
				CLANG_WARN_NON_LITERAL_NULL_CONVERSION = YES;
				CLANG_WARN_OBJC_IMPLICIT_RETAIN_SELF = YES;
				CLANG_WARN_OBJC_LITERAL_CONVERSION = YES;
				CLANG_WARN_OBJC_ROOT_CLASS = YES_ERROR;
				CLANG_WARN_RANGE_LOOP_ANALYSIS = YES;
				CLANG_WARN_STRICT_PROTOTYPES = YES;
				CLANG_WARN_SUSPICIOUS_MOVE = YES;
				CLANG_WARN_UNGUARDED_AVAILABILITY = YES_AGGRESSIVE;
				CLANG_WARN_UNREACHABLE_CODE = YES;
				CLANG_WARN__DUPLICATE_METHOD_MATCH = YES;
				COPY_PHASE_STRIP = NO;
				CURRENT_PROJECT_VERSION = 1;
				DEBUG_INFORMATION_FORMAT = "dwarf-with-dsym";
				DEFINES_MODULE = YES;
				ENABLE_NS_ASSERTIONS = NO;
				ENABLE_STRICT_OBJC_MSGSEND = YES;
				ENABLE_TESTABILITY = NO;
				GCC_C_LANGUAGE_STANDARD = gnu11;
				GCC_NO_COMMON_BLOCKS = YES;
				GCC_WARN_64_TO_32_BIT_CONVERSION = YES;
				GCC_WARN_ABOUT_RETURN_TYPE = YES_ERROR;
				GCC_WARN_UNDECLARED_SELECTOR = YES;
				GCC_WARN_UNINITIALIZED_AUTOS = YES_AGGRESSIVE;
				GCC_WARN_UNUSED_FUNCTION = YES;
				GCC_WARN_UNUSED_VARIABLE = YES;
				IPHONEOS_DEPLOYMENT_TARGET = 11.0;
				MTL_ENABLE_DEBUG_INFO = NO;
				MTL_FAST_MATH = YES;
				PRODUCT_NAME = "$(TARGET_NAME)";
				SDKROOT = iphoneos;
				SWIFT_COMPILATION_MODE = wholemodule;
				SWIFT_OPTIMIZATION_LEVEL = "-Onone";
				SWIFT_VERSION = 5.0;
			};
			name = Release;
		};
		768FB1F2F913BE97C02EAB14 /* Debug */ = {
			isa = XCBuildConfiguration;
			buildSettings = {
				ALWAYS_EMBED_SWIFT_STANDARD_LIBRARIES = YES;
				ALWAYS_SEARCH_USER_PATHS = NO;
				CLANG_ANALYZER_NONNULL = YES;
				CLANG_ANALYZER_NUMBER_OBJECT_CONVERSION = YES_AGGRESSIVE;
				CLANG_CXX_LANGUAGE_STANDARD = "gnu++14";
				CLANG_CXX_LIBRARY = "libc++";
				CLANG_ENABLE_MODULES = YES;
				CLANG_ENABLE_OBJC_ARC = YES;
				CLANG_ENABLE_OBJC_WEAK = YES;
				CLANG_WARN_BLOCK_CAPTURE_AUTORELEASING = YES;
				CLANG_WARN_BOOL_CONVERSION = YES;
				CLANG_WARN_COMMA = YES;
				CLANG_WARN_CONSTANT_CONVERSION = YES;
				CLANG_WARN_DEPRECATED_OBJC_IMPLEMENTATIONS = YES;
				CLANG_WARN_DIRECT_OBJC_ISA_USAGE = YES_ERROR;
				CLANG_WARN_DOCUMENTATION_COMMENTS = YES;
				CLANG_WARN_EMPTY_BODY = YES;
				CLANG_WARN_ENUM_CONVERSION = YES;
				CLANG_WARN_INFINITE_RECURSION = YES;
				CLANG_WARN_INT_CONVERSION = YES;
				CLANG_WARN_NON_LITERAL_NULL_CONVERSION = YES;
				CLANG_WARN_OBJC_IMPLICIT_RETAIN_SELF = YES;
				CLANG_WARN_OBJC_LITERAL_CONVERSION = YES;
				CLANG_WARN_OBJC_ROOT_CLASS = YES_ERROR;
				CLANG_WARN_RANGE_LOOP_ANALYSIS = YES;
				CLANG_WARN_STRICT_PROTOTYPES = YES;
				CLANG_WARN_SUSPICIOUS_MOVE = YES;
				CLANG_WARN_UNGUARDED_AVAILABILITY = YES_AGGRESSIVE;
				CLANG_WARN_UNREACHABLE_CODE = YES;
				CLANG_WARN__DUPLICATE_METHOD_MATCH = YES;
				COPY_PHASE_STRIP = NO;
				CURRENT_PROJECT_VERSION = 1;
				DEBUG_INFORMATION_FORMAT = dwarf;
				DEFINES_MODULE = YES;
				ENABLE_STRICT_OBJC_MSGSEND = YES;
				ENABLE_TESTABILITY = YES;
				GCC_C_LANGUAGE_STANDARD = gnu11;
				GCC_DYNAMIC_NO_PIC = NO;
				GCC_NO_COMMON_BLOCKS = YES;
				GCC_OPTIMIZATION_LEVEL = 0;
				GCC_PREPROCESSOR_DEFINITIONS = (
					"DEBUG=1",
					"$(inherited)",
				);
				GCC_WARN_64_TO_32_BIT_CONVERSION = YES;
				GCC_WARN_ABOUT_RETURN_TYPE = YES_ERROR;
				GCC_WARN_UNDECLARED_SELECTOR = YES;
				GCC_WARN_UNINITIALIZED_AUTOS = YES_AGGRESSIVE;
				GCC_WARN_UNUSED_FUNCTION = YES;
				GCC_WARN_UNUSED_VARIABLE = YES;
				IPHONEOS_DEPLOYMENT_TARGET = 11.0;
				MTL_ENABLE_DEBUG_INFO = INCLUDE_SOURCE;
				MTL_FAST_MATH = YES;
				ONLY_ACTIVE_ARCH = YES;
				PRODUCT_NAME = "$(TARGET_NAME)";
				SDKROOT = iphoneos;
				SWIFT_ACTIVE_COMPILATION_CONDITIONS = DEBUG;
				SWIFT_OPTIMIZATION_LEVEL = "-Onone";
				SWIFT_VERSION = 5.0;
			};
			name = Debug;
		};
		D06A241624D4007400E84EE2 /* Debug */ = {
			isa = XCBuildConfiguration;
			buildSettings = {
				ASSETCATALOG_COMPILER_APPICON_NAME = AppIcon;
				CODE_SIGN_STYLE = Automatic;
				INFOPLIST_FILE = Tests/TestHost/Info.plist;
				LD_RUNPATH_SEARCH_PATHS = "$(inherited) @executable_path/Frameworks";
				PRODUCT_BUNDLE_IDENTIFIER = com.rakuten.tech.sdkutils.TestHost;
				PRODUCT_NAME = "$(TARGET_NAME)";
				SDKROOT = iphoneos;
				SWIFT_VERSION = 5.0;
			};
			name = Debug;
		};
		D06A241724D4007400E84EE2 /* Release */ = {
			isa = XCBuildConfiguration;
			buildSettings = {
				ASSETCATALOG_COMPILER_APPICON_NAME = AppIcon;
				CODE_SIGN_STYLE = Automatic;
				INFOPLIST_FILE = Tests/TestHost/Info.plist;
				LD_RUNPATH_SEARCH_PATHS = "$(inherited) @executable_path/Frameworks";
				PRODUCT_BUNDLE_IDENTIFIER = com.rakuten.tech.sdkutils.TestHost;
				PRODUCT_NAME = "$(TARGET_NAME)";
				SDKROOT = iphoneos;
				SWIFT_OPTIMIZATION_LEVEL = "-O";
				SWIFT_VERSION = 5.0;
				VALIDATE_PRODUCT = YES;
			};
			name = Release;
		};
/* End XCBuildConfiguration section */

/* Begin XCConfigurationList section */
		05B9B33B24BD31BBAFC089C9 /* Build configuration list for PBXNativeTarget "Tests" */ = {
			isa = XCConfigurationList;
			buildConfigurations = (
				13DF0902FAB980E944AD4F45 /* Debug */,
				0158E70DC80507FB704816C3 /* Release */,
			);
			defaultConfigurationIsVisible = 0;
			defaultConfigurationName = Release;
		};
		3CA29095B838D76BDBC87FB4 /* Build configuration list for PBXProject "RSDKUtils" */ = {
			isa = XCConfigurationList;
			buildConfigurations = (
				768FB1F2F913BE97C02EAB14 /* Debug */,
				2B69320928E4D8EBCCCF9E96 /* Release */,
			);
			defaultConfigurationIsVisible = 0;
			defaultConfigurationName = Release;
		};
		D06A241524D4007400E84EE2 /* Build configuration list for PBXNativeTarget "TestHost" */ = {
			isa = XCConfigurationList;
			buildConfigurations = (
				D06A241624D4007400E84EE2 /* Debug */,
				D06A241724D4007400E84EE2 /* Release */,
			);
			defaultConfigurationIsVisible = 0;
			defaultConfigurationName = Release;
		};
/* End XCConfigurationList section */
	};
	rootObject = DCB53373A11C0A9F029631BA /* Project object */;
}
